
Microsoft Visual Studio Solution File, Format Version 12.00
# Visual Studio Version 16
VisualStudioVersion = 16.0.30011.22
MinimumVisualStudioVersion = 10.0.40219.1
Project("{9A19103F-16F7-4668-BE54-9A1E7A4F7556}") = "ChatApp", "ChatApp\ChatApp.csproj", "{97C7030F-D07F-4D59-917F-40E4AF7D2694}"
EndProject
Project("{9A19103F-16F7-4668-BE54-9A1E7A4F7556}") = "ChatApp.Core", "ChatApp.Core\ChatApp.Core.csproj", "{A8724711-F92E-4BB2-8022-6F4E7D2397B7}"
EndProject
Project("{9A19103F-16F7-4668-BE54-9A1E7A4F7556}") = "ChatApp.WebServer", "ChatApp.WebServer\ChatApp.WebServer.csproj", "{3595ADEF-78E3-48D1-A061-9E0D6406B2BF}"
EndProject
Project("{9A19103F-16F7-4668-BE54-9A1E7A4F7556}") = "Cornerstone", "..\..\Cornerstone\Cornerstone.csproj", "{C2CD9D08-C8CF-415B-B7AF-5159BEB82FD7}"
EndProject
Global
	GlobalSection(SolutionConfigurationPlatforms) = preSolution
		Debug|Any CPU = Debug|Any CPU
		Release|Any CPU = Release|Any CPU
	EndGlobalSection
	GlobalSection(ProjectConfigurationPlatforms) = postSolution
		{97C7030F-D07F-4D59-917F-40E4AF7D2694}.Debug|Any CPU.ActiveCfg = Debug|Any CPU
		{97C7030F-D07F-4D59-917F-40E4AF7D2694}.Debug|Any CPU.Build.0 = Debug|Any CPU
		{97C7030F-D07F-4D59-917F-40E4AF7D2694}.Release|Any CPU.ActiveCfg = Release|Any CPU
		{97C7030F-D07F-4D59-917F-40E4AF7D2694}.Release|Any CPU.Build.0 = Release|Any CPU
		{A8724711-F92E-4BB2-8022-6F4E7D2397B7}.Debug|Any CPU.ActiveCfg = Debug|Any CPU
		{A8724711-F92E-4BB2-8022-6F4E7D2397B7}.Debug|Any CPU.Build.0 = Debug|Any CPU
		{A8724711-F92E-4BB2-8022-6F4E7D2397B7}.Release|Any CPU.ActiveCfg = Release|Any CPU
		{A8724711-F92E-4BB2-8022-6F4E7D2397B7}.Release|Any CPU.Build.0 = Release|Any CPU
		{3595ADEF-78E3-48D1-A061-9E0D6406B2BF}.Debug|Any CPU.ActiveCfg = Debug|Any CPU
		{3595ADEF-78E3-48D1-A061-9E0D6406B2BF}.Debug|Any CPU.Build.0 = Debug|Any CPU
		{3595ADEF-78E3-48D1-A061-9E0D6406B2BF}.Release|Any CPU.ActiveCfg = Release|Any CPU
		{3595ADEF-78E3-48D1-A061-9E0D6406B2BF}.Release|Any CPU.Build.0 = Release|Any CPU
		{C2CD9D08-C8CF-415B-B7AF-5159BEB82FD7}.Debug|Any CPU.ActiveCfg = Debug|Any CPU
		{C2CD9D08-C8CF-415B-B7AF-5159BEB82FD7}.Debug|Any CPU.Build.0 = Debug|Any CPU
		{C2CD9D08-C8CF-415B-B7AF-5159BEB82FD7}.Release|Any CPU.ActiveCfg = Release|Any CPU
		{C2CD9D08-C8CF-415B-B7AF-5159BEB82FD7}.Release|Any CPU.Build.0 = Release|Any CPU
	EndGlobalSection
	GlobalSection(SolutionProperties) = preSolution
		HideSolutionNode = FALSE
	EndGlobalSection
	GlobalSection(ExtensibilityGlobals) = postSolution
		SolutionGuid = {371695AB-BD62-4FF9-8250-E6885E9B1A33}
	EndGlobalSection
EndGlobal
